
Microsoft Visual Studio Solution File, Format Version 12.00
# Visual Studio 15
Project("{FAE04EC0-301F-11D3-BF4B-00C04F79EFBC}") = "SampleLocalDB.Android", "SampleLocalDB.Android\SampleLocalDB.Android.csproj", "{28DCBE50-4919-49F8-A0EE-0CD64015ABA6}"
EndProject
Project("{FAE04EC0-301F-11D3-BF4B-00C04F79EFBC}") = "SampleLocalDB.iOS", "SampleLocalDB.iOS\SampleLocalDB.iOS.csproj", "{DB6E2102-4EBC-46C3-96F3-FC09F8FC2908}"
EndProject
Project("{FAE04EC0-301F-11D3-BF4B-00C04F79EFBC}") = "SampleLocalDB", "SampleLocalDB\SampleLocalDB.csproj", "{972F546F-5C56-432F-848C-6D8288D6E1AE}"
EndProject
Global
	GlobalSection(SolutionConfigurationPlatforms) = preSolution
		Debug|Any CPU = Debug|Any CPU
		Release|Any CPU = Release|Any CPU
		Debug|iPhoneSimulator = Debug|iPhoneSimulator
		Release|iPhoneSimulator = Release|iPhoneSimulator
		Debug|iPhone = Debug|iPhone
		Release|iPhone = Release|iPhone
		Ad-Hoc|iPhone = Ad-Hoc|iPhone
		AppStore|iPhone = AppStore|iPhone
	EndGlobalSection
	GlobalSection(ProjectConfigurationPlatforms) = postSolution
		{28DCBE50-4919-49F8-A0EE-0CD64015ABA6}.Debug|Any CPU.ActiveCfg = Debug|Any CPU
		{28DCBE50-4919-49F8-A0EE-0CD64015ABA6}.Debug|Any CPU.Build.0 = Debug|Any CPU
		{28DCBE50-4919-49F8-A0EE-0CD64015ABA6}.Release|Any CPU.ActiveCfg = Release|Any CPU
		{28DCBE50-4919-49F8-A0EE-0CD64015ABA6}.Release|Any CPU.Build.0 = Release|Any CPU
		{28DCBE50-4919-49F8-A0EE-0CD64015ABA6}.Debug|iPhoneSimulator.ActiveCfg = Debug|Any CPU
		{28DCBE50-4919-49F8-A0EE-0CD64015ABA6}.Debug|iPhoneSimulator.Build.0 = Debug|Any CPU
		{28DCBE50-4919-49F8-A0EE-0CD64015ABA6}.Release|iPhoneSimulator.ActiveCfg = Release|Any CPU
		{28DCBE50-4919-49F8-A0EE-0CD64015ABA6}.Release|iPhoneSimulator.Build.0 = Release|Any CPU
		{28DCBE50-4919-49F8-A0EE-0CD64015ABA6}.Debug|iPhone.ActiveCfg = Debug|Any CPU
		{28DCBE50-4919-49F8-A0EE-0CD64015ABA6}.Debug|iPhone.Build.0 = Debug|Any CPU
		{28DCBE50-4919-49F8-A0EE-0CD64015ABA6}.Release|iPhone.ActiveCfg = Release|Any CPU
		{28DCBE50-4919-49F8-A0EE-0CD64015ABA6}.Release|iPhone.Build.0 = Release|Any CPU
		{28DCBE50-4919-49F8-A0EE-0CD64015ABA6}.Ad-Hoc|iPhone.ActiveCfg = Debug|Any CPU
		{28DCBE50-4919-49F8-A0EE-0CD64015ABA6}.Ad-Hoc|iPhone.Build.0 = Debug|Any CPU
		{28DCBE50-4919-49F8-A0EE-0CD64015ABA6}.AppStore|iPhone.ActiveCfg = Debug|Any CPU
		{28DCBE50-4919-49F8-A0EE-0CD64015ABA6}.AppStore|iPhone.Build.0 = Debug|Any CPU
		{DB6E2102-4EBC-46C3-96F3-FC09F8FC2908}.Debug|Any CPU.ActiveCfg = Debug|iPhoneSimulator
		{DB6E2102-4EBC-46C3-96F3-FC09F8FC2908}.Debug|Any CPU.Build.0 = Debug|iPhoneSimulator
		{DB6E2102-4EBC-46C3-96F3-FC09F8FC2908}.Release|Any CPU.ActiveCfg = Release|iPhoneSimulator
		{DB6E2102-4EBC-46C3-96F3-FC09F8FC2908}.Release|Any CPU.Build.0 = Release|iPhoneSimulator
		{DB6E2102-4EBC-46C3-96F3-FC09F8FC2908}.Debug|iPhoneSimulator.ActiveCfg = Debug|iPhoneSimulator
		{DB6E2102-4EBC-46C3-96F3-FC09F8FC2908}.Debug|iPhoneSimulator.Build.0 = Debug|iPhoneSimulator
		{DB6E2102-4EBC-46C3-96F3-FC09F8FC2908}.Release|iPhoneSimulator.ActiveCfg = Release|iPhoneSimulator
		{DB6E2102-4EBC-46C3-96F3-FC09F8FC2908}.Release|iPhoneSimulator.Build.0 = Release|iPhoneSimulator
		{DB6E2102-4EBC-46C3-96F3-FC09F8FC2908}.Debug|iPhone.ActiveCfg = Debug|iPhone
		{DB6E2102-4EBC-46C3-96F3-FC09F8FC2908}.Debug|iPhone.Build.0 = Debug|iPhone
		{DB6E2102-4EBC-46C3-96F3-FC09F8FC2908}.Release|iPhone.ActiveCfg = Release|iPhone
		{DB6E2102-4EBC-46C3-96F3-FC09F8FC2908}.Release|iPhone.Build.0 = Release|iPhone
		{DB6E2102-4EBC-46C3-96F3-FC09F8FC2908}.Ad-Hoc|iPhone.ActiveCfg = Ad-Hoc|iPhone
		{DB6E2102-4EBC-46C3-96F3-FC09F8FC2908}.Ad-Hoc|iPhone.Build.0 = Ad-Hoc|iPhone
		{DB6E2102-4EBC-46C3-96F3-FC09F8FC2908}.AppStore|iPhone.ActiveCfg = AppStore|iPhone
		{DB6E2102-4EBC-46C3-96F3-FC09F8FC2908}.AppStore|iPhone.Build.0 = AppStore|iPhone
		{972F546F-5C56-432F-848C-6D8288D6E1AE}.Debug|Any CPU.ActiveCfg = Debug|Any CPU
		{972F546F-5C56-432F-848C-6D8288D6E1AE}.Debug|Any CPU.Build.0 = Debug|Any CPU
		{972F546F-5C56-432F-848C-6D8288D6E1AE}.Release|Any CPU.ActiveCfg = Release|Any CPU
		{972F546F-5C56-432F-848C-6D8288D6E1AE}.Release|Any CPU.Build.0 = Release|Any CPU
		{972F546F-5C56-432F-848C-6D8288D6E1AE}.Debug|iPhoneSimulator.ActiveCfg = Debug|Any CPU
		{972F546F-5C56-432F-848C-6D8288D6E1AE}.Debug|iPhoneSimulator.Build.0 = Debug|Any CPU
		{972F546F-5C56-432F-848C-6D8288D6E1AE}.Release|iPhoneSimulator.ActiveCfg = Release|Any CPU
		{972F546F-5C56-432F-848C-6D8288D6E1AE}.Release|iPhoneSimulator.Build.0 = Release|Any CPU
		{972F546F-5C56-432F-848C-6D8288D6E1AE}.Debug|iPhone.ActiveCfg = Debug|Any CPU
		{972F546F-5C56-432F-848C-6D8288D6E1AE}.Debug|iPhone.Build.0 = Debug|Any CPU
		{972F546F-5C56-432F-848C-6D8288D6E1AE}.Release|iPhone.ActiveCfg = Release|Any CPU
		{972F546F-5C56-432F-848C-6D8288D6E1AE}.Release|iPhone.Build.0 = Release|Any CPU
		{972F546F-5C56-432F-848C-6D8288D6E1AE}.Ad-Hoc|iPhone.ActiveCfg = Debug|Any CPU
		{972F546F-5C56-432F-848C-6D8288D6E1AE}.Ad-Hoc|iPhone.Build.0 = Debug|Any CPU
		{972F546F-5C56-432F-848C-6D8288D6E1AE}.AppStore|iPhone.ActiveCfg = Debug|Any CPU
		{972F546F-5C56-432F-848C-6D8288D6E1AE}.AppStore|iPhone.Build.0 = Debug|Any CPU
	EndGlobalSection
EndGlobal
